// !$*UTF8*$!
{
	archiveVersion = 1;
	classes = {
	};
	objectVersion = 50;
	objects = {

/* Begin PBXBuildFile section */
		28CD614023171DA300B0FAA1 /* AppDelegate.swift in Sources */ = {isa = PBXBuildFile; fileRef = 28CD613F23171DA300B0FAA1 /* AppDelegate.swift */; };
		28CD614223171DA300B0FAA1 /* ViewController.swift in Sources */ = {isa = PBXBuildFile; fileRef = 28CD614123171DA300B0FAA1 /* ViewController.swift */; };
		28CD614523171DA300B0FAA1 /* Main.storyboard in Resources */ = {isa = PBXBuildFile; fileRef = 28CD614323171DA300B0FAA1 /* Main.storyboard */; };
		28CD614723171DA500B0FAA1 /* Assets.xcassets in Resources */ = {isa = PBXBuildFile; fileRef = 28CD614623171DA500B0FAA1 /* Assets.xcassets */; };
		28CD614A23171DA500B0FAA1 /* LaunchScreen.storyboard in Resources */ = {isa = PBXBuildFile; fileRef = 28CD614823171DA500B0FAA1 /* LaunchScreen.storyboard */; };
		28CD615523171DA500B0FAA1 /* TestAppTests.swift in Sources */ = {isa = PBXBuildFile; fileRef = 28CD615423171DA500B0FAA1 /* TestAppTests.swift */; };
		28CD616023171DA500B0FAA1 /* TestAppUITests.swift in Sources */ = {isa = PBXBuildFile; fileRef = 28CD615F23171DA500B0FAA1 /* TestAppUITests.swift */; };
/* End PBXBuildFile section */

/* Begin PBXContainerItemProxy section */
		28CD615123171DA500B0FAA1 /* PBXContainerItemProxy */ = {
			isa = PBXContainerItemProxy;
			containerPortal = 28CD613423171DA300B0FAA1 /* Project object */;
			proxyType = 1;
			remoteGlobalIDString = 28CD613B23171DA300B0FAA1;
			remoteInfo = TestApp;
		};
		28CD615C23171DA500B0FAA1 /* PBXContainerItemProxy */ = {
			isa = PBXContainerItemProxy;
			containerPortal = 28CD613423171DA300B0FAA1 /* Project object */;
			proxyType = 1;
			remoteGlobalIDString = 28CD613B23171DA300B0FAA1;
			remoteInfo = TestApp;
		};
/* End PBXContainerItemProxy section */

/* Begin PBXFileReference section */
		28CD613C23171DA300B0FAA1 /* TestApp.app */ = {isa = PBXFileReference; explicitFileType = wrapper.application; includeInIndex = 0; path = TestApp.app; sourceTree = BUILT_PRODUCTS_DIR; };
		28CD613F23171DA300B0FAA1 /* AppDelegate.swift */ = {isa = PBXFileReference; lastKnownFileType = sourcecode.swift; path = AppDelegate.swift; sourceTree = "<group>"; };
		28CD614123171DA300B0FAA1 /* ViewController.swift */ = {isa = PBXFileReference; lastKnownFileType = sourcecode.swift; path = ViewController.swift; sourceTree = "<group>"; };
		28CD614423171DA300B0FAA1 /* Base */ = {isa = PBXFileReference; lastKnownFileType = file.storyboard; name = Base; path = Base.lproj/Main.storyboard; sourceTree = "<group>"; };
		28CD614623171DA500B0FAA1 /* Assets.xcassets */ = {isa = PBXFileReference; lastKnownFileType = folder.assetcatalog; path = Assets.xcassets; sourceTree = "<group>"; };
		28CD614923171DA500B0FAA1 /* Base */ = {isa = PBXFileReference; lastKnownFileType = file.storyboard; name = Base; path = Base.lproj/LaunchScreen.storyboard; sourceTree = "<group>"; };
		28CD614B23171DA500B0FAA1 /* Info.plist */ = {isa = PBXFileReference; lastKnownFileType = text.plist.xml; path = Info.plist; sourceTree = "<group>"; };
		28CD615023171DA500B0FAA1 /* TestAppTests.xctest */ = {isa = PBXFileReference; explicitFileType = wrapper.cfbundle; includeInIndex = 0; path = TestAppTests.xctest; sourceTree = BUILT_PRODUCTS_DIR; };
		28CD615423171DA500B0FAA1 /* TestAppTests.swift */ = {isa = PBXFileReference; lastKnownFileType = sourcecode.swift; path = TestAppTests.swift; sourceTree = "<group>"; };
		28CD615623171DA500B0FAA1 /* Info.plist */ = {isa = PBXFileReference; lastKnownFileType = text.plist.xml; path = Info.plist; sourceTree = "<group>"; };
		28CD615B23171DA500B0FAA1 /* TestAppUITests.xctest */ = {isa = PBXFileReference; explicitFileType = wrapper.cfbundle; includeInIndex = 0; path = TestAppUITests.xctest; sourceTree = BUILT_PRODUCTS_DIR; };
		28CD615F23171DA500B0FAA1 /* TestAppUITests.swift */ = {isa = PBXFileReference; lastKnownFileType = sourcecode.swift; path = TestAppUITests.swift; sourceTree = "<group>"; };
		28CD616123171DA500B0FAA1 /* Info.plist */ = {isa = PBXFileReference; lastKnownFileType = text.plist.xml; path = Info.plist; sourceTree = "<group>"; };
/* End PBXFileReference section */

/* Begin PBXFrameworksBuildPhase section */
		28CD613923171DA300B0FAA1 /* Frameworks */ = {
			isa = PBXFrameworksBuildPhase;
			buildActionMask = 2147483647;
			files = (
			);
			runOnlyForDeploymentPostprocessing = 0;
		};
		28CD614D23171DA500B0FAA1 /* Frameworks */ = {
			isa = PBXFrameworksBuildPhase;
			buildActionMask = 2147483647;
			files = (
			);
			runOnlyForDeploymentPostprocessing = 0;
		};
		28CD615823171DA500B0FAA1 /* Frameworks */ = {
			isa = PBXFrameworksBuildPhase;
			buildActionMask = 2147483647;
			files = (
			);
			runOnlyForDeploymentPostprocessing = 0;
		};
/* End PBXFrameworksBuildPhase section */

/* Begin PBXGroup section */
		28CD613323171DA300B0FAA1 = {
			isa = PBXGroup;
			children = (
				28CD613E23171DA300B0FAA1 /* TestApp */,
				28CD615323171DA500B0FAA1 /* TestAppTests */,
				28CD615E23171DA500B0FAA1 /* TestAppUITests */,
				28CD613D23171DA300B0FAA1 /* Products */,
			);
			sourceTree = "<group>";
		};
		28CD613D23171DA300B0FAA1 /* Products */ = {
			isa = PBXGroup;
			children = (
				28CD613C23171DA300B0FAA1 /* TestApp.app */,
				28CD615023171DA500B0FAA1 /* TestAppTests.xctest */,
				28CD615B23171DA500B0FAA1 /* TestAppUITests.xctest */,
			);
			name = Products;
			sourceTree = "<group>";
		};
		28CD613E23171DA300B0FAA1 /* TestApp */ = {
			isa = PBXGroup;
			children = (
				28CD613F23171DA300B0FAA1 /* AppDelegate.swift */,
				28CD614123171DA300B0FAA1 /* ViewController.swift */,
				28CD614323171DA300B0FAA1 /* Main.storyboard */,
				28CD614623171DA500B0FAA1 /* Assets.xcassets */,
				28CD614823171DA500B0FAA1 /* LaunchScreen.storyboard */,
				28CD614B23171DA500B0FAA1 /* Info.plist */,
			);
			path = TestApp;
			sourceTree = "<group>";
		};
		28CD615323171DA500B0FAA1 /* TestAppTests */ = {
			isa = PBXGroup;
			children = (
				28CD615423171DA500B0FAA1 /* TestAppTests.swift */,
				28CD615623171DA500B0FAA1 /* Info.plist */,
			);
			path = TestAppTests;
			sourceTree = "<group>";
		};
		28CD615E23171DA500B0FAA1 /* TestAppUITests */ = {
			isa = PBXGroup;
			children = (
				28CD615F23171DA500B0FAA1 /* TestAppUITests.swift */,
				28CD616123171DA500B0FAA1 /* Info.plist */,
			);
			path = TestAppUITests;
			sourceTree = "<group>";
		};
/* End PBXGroup section */

/* Begin PBXNativeTarget section */
		28CD613B23171DA300B0FAA1 /* TestApp */ = {
			isa = PBXNativeTarget;
			buildConfigurationList = 28CD616423171DA500B0FAA1 /* Build configuration list for PBXNativeTarget "TestApp" */;
			buildPhases = (
				28CD613823171DA300B0FAA1 /* Sources */,
				28CD613923171DA300B0FAA1 /* Frameworks */,
				28CD613A23171DA300B0FAA1 /* Resources */,
			);
			buildRules = (
			);
			dependencies = (
			);
			name = TestApp;
			productName = TestApp;
			productReference = 28CD613C23171DA300B0FAA1 /* TestApp.app */;
			productType = "com.apple.product-type.application";
		};
		28CD614F23171DA500B0FAA1 /* TestAppTests */ = {
			isa = PBXNativeTarget;
			buildConfigurationList = 28CD616723171DA500B0FAA1 /* Build configuration list for PBXNativeTarget "TestAppTests" */;
			buildPhases = (
				28CD614C23171DA500B0FAA1 /* Sources */,
				28CD614D23171DA500B0FAA1 /* Frameworks */,
				28CD614E23171DA500B0FAA1 /* Resources */,
			);
			buildRules = (
			);
			dependencies = (
				28CD615223171DA500B0FAA1 /* PBXTargetDependency */,
			);
			name = TestAppTests;
			productName = TestAppTests;
			productReference = 28CD615023171DA500B0FAA1 /* TestAppTests.xctest */;
			productType = "com.apple.product-type.bundle.unit-test";
		};
		28CD615A23171DA500B0FAA1 /* TestAppUITests */ = {
			isa = PBXNativeTarget;
			buildConfigurationList = 28CD616A23171DA500B0FAA1 /* Build configuration list for PBXNativeTarget "TestAppUITests" */;
			buildPhases = (
				28CD615723171DA500B0FAA1 /* Sources */,
				28CD615823171DA500B0FAA1 /* Frameworks */,
				28CD615923171DA500B0FAA1 /* Resources */,
			);
			buildRules = (
			);
			dependencies = (
				28CD615D23171DA500B0FAA1 /* PBXTargetDependency */,
			);
			name = TestAppUITests;
			productName = TestAppUITests;
			productReference = 28CD615B23171DA500B0FAA1 /* TestAppUITests.xctest */;
			productType = "com.apple.product-type.bundle.ui-testing";
		};
/* End PBXNativeTarget section */

/* Begin PBXProject section */
		28CD613423171DA300B0FAA1 /* Project object */ = {
			isa = PBXProject;
			attributes = {
				LastSwiftUpdateCheck = 1030;
				LastUpgradeCheck = 1030;
				ORGANIZATIONNAME = "Junjie Xu";
				TargetAttributes = {
					28CD613B23171DA300B0FAA1 = {
						CreatedOnToolsVersion = 10.3;
					};
					28CD614F23171DA500B0FAA1 = {
						CreatedOnToolsVersion = 10.3;
						TestTargetID = 28CD613B23171DA300B0FAA1;
					};
					28CD615A23171DA500B0FAA1 = {
						CreatedOnToolsVersion = 10.3;
						TestTargetID = 28CD613B23171DA300B0FAA1;
					};
				};
			};
			buildConfigurationList = 28CD613723171DA300B0FAA1 /* Build configuration list for PBXProject "TestApp" */;
			compatibilityVersion = "Xcode 9.3";
			developmentRegion = en;
			hasScannedForEncodings = 0;
			knownRegions = (
				en,
				Base,
			);
			mainGroup = 28CD613323171DA300B0FAA1;
			productRefGroup = 28CD613D23171DA300B0FAA1 /* Products */;
			projectDirPath = "";
			projectRoot = "";
			targets = (
				28CD613B23171DA300B0FAA1 /* TestApp */,
				28CD614F23171DA500B0FAA1 /* TestAppTests */,
				28CD615A23171DA500B0FAA1 /* TestAppUITests */,
			);
		};
/* End PBXProject section */

/* Begin PBXResourcesBuildPhase section */
		28CD613A23171DA300B0FAA1 /* Resources */ = {
			isa = PBXResourcesBuildPhase;
			buildActionMask = 2147483647;
			files = (
				28CD614A23171DA500B0FAA1 /* LaunchScreen.storyboard in Resources */,
				28CD614723171DA500B0FAA1 /* Assets.xcassets in Resources */,
				28CD614523171DA300B0FAA1 /* Main.storyboard in Resources */,
			);
			runOnlyForDeploymentPostprocessing = 0;
		};
		28CD614E23171DA500B0FAA1 /* Resources */ = {
			isa = PBXResourcesBuildPhase;
			buildActionMask = 2147483647;
			files = (
			);
			runOnlyForDeploymentPostprocessing = 0;
		};
		28CD615923171DA500B0FAA1 /* Resources */ = {
			isa = PBXResourcesBuildPhase;
			buildActionMask = 2147483647;
			files = (
			);
			runOnlyForDeploymentPostprocessing = 0;
		};
/* End PBXResourcesBuildPhase section */

/* Begin PBXSourcesBuildPhase section */
		28CD613823171DA300B0FAA1 /* Sources */ = {
			isa = PBXSourcesBuildPhase;
			buildActionMask = 2147483647;
			files = (
				28CD614223171DA300B0FAA1 /* ViewController.swift in Sources */,
				28CD614023171DA300B0FAA1 /* AppDelegate.swift in Sources */,
			);
			runOnlyForDeploymentPostprocessing = 0;
		};
		28CD614C23171DA500B0FAA1 /* Sources */ = {
			isa = PBXSourcesBuildPhase;
			buildActionMask = 2147483647;
			files = (
				28CD615523171DA500B0FAA1 /* TestAppTests.swift in Sources */,
			);
			runOnlyForDeploymentPostprocessing = 0;
		};
		28CD615723171DA500B0FAA1 /* Sources */ = {
			isa = PBXSourcesBuildPhase;
			buildActionMask = 2147483647;
			files = (
				28CD616023171DA500B0FAA1 /* TestAppUITests.swift in Sources */,
			);
			runOnlyForDeploymentPostprocessing = 0;
		};
/* End PBXSourcesBuildPhase section */

/* Begin PBXTargetDependency section */
		28CD615223171DA500B0FAA1 /* PBXTargetDependency */ = {
			isa = PBXTargetDependency;
			target = 28CD613B23171DA300B0FAA1 /* TestApp */;
			targetProxy = 28CD615123171DA500B0FAA1 /* PBXContainerItemProxy */;
		};
		28CD615D23171DA500B0FAA1 /* PBXTargetDependency */ = {
			isa = PBXTargetDependency;
			target = 28CD613B23171DA300B0FAA1 /* TestApp */;
			targetProxy = 28CD615C23171DA500B0FAA1 /* PBXContainerItemProxy */;
		};
/* End PBXTargetDependency section */

/* Begin PBXVariantGroup section */
		28CD614323171DA300B0FAA1 /* Main.storyboard */ = {
			isa = PBXVariantGroup;
			children = (
				28CD614423171DA300B0FAA1 /* Base */,
			);
			name = Main.storyboard;
			sourceTree = "<group>";
		};
		28CD614823171DA500B0FAA1 /* LaunchScreen.storyboard */ = {
			isa = PBXVariantGroup;
			children = (
				28CD614923171DA500B0FAA1 /* Base */,
			);
			name = LaunchScreen.storyboard;
			sourceTree = "<group>";
		};
/* End PBXVariantGroup section */

/* Begin XCBuildConfiguration section */
		28CD616223171DA500B0FAA1 /* Debug */ = {
			isa = XCBuildConfiguration;
			buildSettings = {
				ALWAYS_SEARCH_USER_PATHS = NO;
				CLANG_ANALYZER_NONNULL = YES;
				CLANG_ANALYZER_NUMBER_OBJECT_CONVERSION = YES_AGGRESSIVE;
				CLANG_CXX_LANGUAGE_STANDARD = "gnu++14";
				CLANG_CXX_LIBRARY = "libc++";
				CLANG_ENABLE_MODULES = YES;
				CLANG_ENABLE_OBJC_ARC = YES;
				CLANG_ENABLE_OBJC_WEAK = YES;
				CLANG_WARN_BLOCK_CAPTURE_AUTORELEASING = YES;
				CLANG_WARN_BOOL_CONVERSION = YES;
				CLANG_WARN_COMMA = YES;
				CLANG_WARN_CONSTANT_CONVERSION = YES;
				CLANG_WARN_DEPRECATED_OBJC_IMPLEMENTATIONS = YES;
				CLANG_WARN_DIRECT_OBJC_ISA_USAGE = YES_ERROR;
				CLANG_WARN_DOCUMENTATION_COMMENTS = YES;
				CLANG_WARN_EMPTY_BODY = YES;
				CLANG_WARN_ENUM_CONVERSION = YES;
				CLANG_WARN_INFINITE_RECURSION = YES;
				CLANG_WARN_INT_CONVERSION = YES;
				CLANG_WARN_NON_LITERAL_NULL_CONVERSION = YES;
				CLANG_WARN_OBJC_IMPLICIT_RETAIN_SELF = YES;
				CLANG_WARN_OBJC_LITERAL_CONVERSION = YES;
				CLANG_WARN_OBJC_ROOT_CLASS = YES_ERROR;
				CLANG_WARN_RANGE_LOOP_ANALYSIS = YES;
				CLANG_WARN_STRICT_PROTOTYPES = YES;
				CLANG_WARN_SUSPICIOUS_MOVE = YES;
				CLANG_WARN_UNGUARDED_AVAILABILITY = YES_AGGRESSIVE;
				CLANG_WARN_UNREACHABLE_CODE = YES;
				CLANG_WARN__DUPLICATE_METHOD_MATCH = YES;
				CODE_SIGN_IDENTITY = "iPhone Developer";
				COPY_PHASE_STRIP = NO;
				DEBUG_INFORMATION_FORMAT = dwarf;
				ENABLE_STRICT_OBJC_MSGSEND = YES;
				ENABLE_TESTABILITY = YES;
				GCC_C_LANGUAGE_STANDARD = gnu11;
				GCC_DYNAMIC_NO_PIC = NO;
				GCC_NO_COMMON_BLOCKS = YES;
				GCC_OPTIMIZATION_LEVEL = 0;
				GCC_PREPROCESSOR_DEFINITIONS = (
					"DEBUG=1",
					"$(inherited)",
				);
				GCC_WARN_64_TO_32_BIT_CONVERSION = YES;
				GCC_WARN_ABOUT_RETURN_TYPE = YES_ERROR;
				GCC_WARN_UNDECLARED_SELECTOR = YES;
				GCC_WARN_UNINITIALIZED_AUTOS = YES_AGGRESSIVE;
				GCC_WARN_UNUSED_FUNCTION = YES;
				GCC_WARN_UNUSED_VARIABLE = YES;
				IPHONEOS_DEPLOYMENT_TARGET = 12.4;
				MTL_ENABLE_DEBUG_INFO = INCLUDE_SOURCE;
				MTL_FAST_MATH = YES;
				ONLY_ACTIVE_ARCH = YES;
				SDKROOT = iphoneos;
				SWIFT_ACTIVE_COMPILATION_CONDITIONS = DEBUG;
				SWIFT_OPTIMIZATION_LEVEL = "-Onone";
			};
			name = Debug;
		};
		28CD616323171DA500B0FAA1 /* Release */ = {
			isa = XCBuildConfiguration;
			buildSettings = {
				ALWAYS_SEARCH_USER_PATHS = NO;
				CLANG_ANALYZER_NONNULL = YES;
				CLANG_ANALYZER_NUMBER_OBJECT_CONVERSION = YES_AGGRESSIVE;
				CLANG_CXX_LANGUAGE_STANDARD = "gnu++14";
				CLANG_CXX_LIBRARY = "libc++";
				CLANG_ENABLE_MODULES = YES;
				CLANG_ENABLE_OBJC_ARC = YES;
				CLANG_ENABLE_OBJC_WEAK = YES;
				CLANG_WARN_BLOCK_CAPTURE_AUTORELEASING = YES;
				CLANG_WARN_BOOL_CONVERSION = YES;
				CLANG_WARN_COMMA = YES;
				CLANG_WARN_CONSTANT_CONVERSION = YES;
				CLANG_WARN_DEPRECATED_OBJC_IMPLEMENTATIONS = YES;
				CLANG_WARN_DIRECT_OBJC_ISA_USAGE = YES_ERROR;
				CLANG_WARN_DOCUMENTATION_COMMENTS = YES;
				CLANG_WARN_EMPTY_BODY = YES;
				CLANG_WARN_ENUM_CONVERSION = YES;
				CLANG_WARN_INFINITE_RECURSION = YES;
				CLANG_WARN_INT_CONVERSION = YES;
				CLANG_WARN_NON_LITERAL_NULL_CONVERSION = YES;
				CLANG_WARN_OBJC_IMPLICIT_RETAIN_SELF = YES;
				CLANG_WARN_OBJC_LITERAL_CONVERSION = YES;
				CLANG_WARN_OBJC_ROOT_CLASS = YES_ERROR;
				CLANG_WARN_RANGE_LOOP_ANALYSIS = YES;
				CLANG_WARN_STRICT_PROTOTYPES = YES;
				CLANG_WARN_SUSPICIOUS_MOVE = YES;
				CLANG_WARN_UNGUARDED_AVAILABILITY = YES_AGGRESSIVE;
				CLANG_WARN_UNREACHABLE_CODE = YES;
				CLANG_WARN__DUPLICATE_METHOD_MATCH = YES;
				CODE_SIGN_IDENTITY = "iPhone Developer";
				COPY_PHASE_STRIP = NO;
				DEBUG_INFORMATION_FORMAT = "dwarf-with-dsym";
				ENABLE_NS_ASSERTIONS = NO;
				ENABLE_STRICT_OBJC_MSGSEND = YES;
				GCC_C_LANGUAGE_STANDARD = gnu11;
				GCC_NO_COMMON_BLOCKS = YES;
				GCC_WARN_64_TO_32_BIT_CONVERSION = YES;
				GCC_WARN_ABOUT_RETURN_TYPE = YES_ERROR;
				GCC_WARN_UNDECLARED_SELECTOR = YES;
				GCC_WARN_UNINITIALIZED_AUTOS = YES_AGGRESSIVE;
				GCC_WARN_UNUSED_FUNCTION = YES;
				GCC_WARN_UNUSED_VARIABLE = YES;
				IPHONEOS_DEPLOYMENT_TARGET = 12.4;
				MTL_ENABLE_DEBUG_INFO = NO;
				MTL_FAST_MATH = YES;
				SDKROOT = iphoneos;
				SWIFT_COMPILATION_MODE = wholemodule;
				SWIFT_OPTIMIZATION_LEVEL = "-O";
				VALIDATE_PRODUCT = YES;
			};
			name = Release;
		};
		28CD616523171DA500B0FAA1 /* Debug */ = {
			isa = XCBuildConfiguration;
			buildSettings = {
				ASSETCATALOG_COMPILER_APPICON_NAME = AppIcon;
				CODE_SIGN_STYLE = Automatic;
				INFOPLIST_FILE = TestApp/Info.plist;
				LD_RUNPATH_SEARCH_PATHS = (
					"$(inherited)",
					"@executable_path/Frameworks",
				);
				PRODUCT_BUNDLE_IDENTIFIER = jj.TestApp;
				PRODUCT_NAME = "$(TARGET_NAME)";
				SWIFT_VERSION = 5.0;
				TARGETED_DEVICE_FAMILY = "1,2";
			};
			name = Debug;
		};
		28CD616623171DA500B0FAA1 /* Release */ = {
			isa = XCBuildConfiguration;
			buildSettings = {
				ASSETCATALOG_COMPILER_APPICON_NAME = AppIcon;
				CODE_SIGN_STYLE = Automatic;
				INFOPLIST_FILE = TestApp/Info.plist;
				LD_RUNPATH_SEARCH_PATHS = (
					"$(inherited)",
					"@executable_path/Frameworks",
				);
				PRODUCT_BUNDLE_IDENTIFIER = jj.TestApp;
				PRODUCT_NAME = "$(TARGET_NAME)";
				SWIFT_VERSION = 5.0;
				TARGETED_DEVICE_FAMILY = "1,2";
			};
			name = Release;
		};
		28CD616823171DA500B0FAA1 /* Debug */ = {
			isa = XCBuildConfiguration;
			buildSettings = {
				ALWAYS_EMBED_SWIFT_STANDARD_LIBRARIES = YES;
				BUNDLE_LOADER = "$(TEST_HOST)";
				CODE_SIGN_STYLE = Automatic;
				INFOPLIST_FILE = TestAppTests/Info.plist;
				LD_RUNPATH_SEARCH_PATHS = (
					"$(inherited)",
					"@executable_path/Frameworks",
					"@loader_path/Frameworks",
				);
				PRODUCT_BUNDLE_IDENTIFIER = jj.TestAppTests;
				PRODUCT_NAME = "$(TARGET_NAME)";
				SWIFT_VERSION = 5.0;
				TARGETED_DEVICE_FAMILY = "1,2";
				TEST_HOST = "$(BUILT_PRODUCTS_DIR)/TestApp.app/TestApp";
			};
			name = Debug;
		};
		28CD616923171DA500B0FAA1 /* Release */ = {
			isa = XCBuildConfiguration;
			buildSettings = {
				ALWAYS_EMBED_SWIFT_STANDARD_LIBRARIES = YES;
				BUNDLE_LOADER = "$(TEST_HOST)";
				CODE_SIGN_STYLE = Automatic;
				INFOPLIST_FILE = TestAppTests/Info.plist;
				LD_RUNPATH_SEARCH_PATHS = (
					"$(inherited)",
					"@executable_path/Frameworks",
					"@loader_path/Frameworks",
				);
				PRODUCT_BUNDLE_IDENTIFIER = jj.TestAppTests;
				PRODUCT_NAME = "$(TARGET_NAME)";
				SWIFT_VERSION = 5.0;
				TARGETED_DEVICE_FAMILY = "1,2";
				TEST_HOST = "$(BUILT_PRODUCTS_DIR)/TestApp.app/TestApp";
			};
			name = Release;
		};
		28CD616B23171DA500B0FAA1 /* Debug */ = {
			isa = XCBuildConfiguration;
			buildSettings = {
				ALWAYS_EMBED_SWIFT_STANDARD_LIBRARIES = YES;
				CODE_SIGN_STYLE = Automatic;
				INFOPLIST_FILE = TestAppUITests/Info.plist;
				LD_RUNPATH_SEARCH_PATHS = (
					"$(inherited)",
					"@executable_path/Frameworks",
					"@loader_path/Frameworks",
				);
				PRODUCT_BUNDLE_IDENTIFIER = jj.TestAppUITests;
				PRODUCT_NAME = "$(TARGET_NAME)";
				SWIFT_VERSION = 5.0;
				TARGETED_DEVICE_FAMILY = "1,2";
				TEST_TARGET_NAME = TestApp;
			};
			name = Debug;
		};
		28CD616C23171DA500B0FAA1 /* Release */ = {
			isa = XCBuildConfiguration;
			buildSettings = {
				ALWAYS_EMBED_SWIFT_STANDARD_LIBRARIES = YES;
				CODE_SIGN_STYLE = Automatic;
				INFOPLIST_FILE = TestAppUITests/Info.plist;
				LD_RUNPATH_SEARCH_PATHS = (
					"$(inherited)",
					"@executable_path/Frameworks",
					"@loader_path/Frameworks",
				);
				PRODUCT_BUNDLE_IDENTIFIER = jj.TestAppUITests;
				PRODUCT_NAME = "$(TARGET_NAME)";
				SWIFT_VERSION = 5.0;
				TARGETED_DEVICE_FAMILY = "1,2";
				TEST_TARGET_NAME = TestApp;
			};
			name = Release;
		};
/* End XCBuildConfiguration section */

/* Begin XCConfigurationList section */
		28CD613723171DA300B0FAA1 /* Build configuration list for PBXProject "TestApp" */ = {
			isa = XCConfigurationList;
			buildConfigurations = (
				28CD616223171DA500B0FAA1 /* Debug */,
				28CD616323171DA500B0FAA1 /* Release */,
			);
			defaultConfigurationIsVisible = 0;
			defaultConfigurationName = Release;
		};
		28CD616423171DA500B0FAA1 /* Build configuration list for PBXNativeTarget "TestApp" */ = {
			isa = XCConfigurationList;
			buildConfigurations = (
				28CD616523171DA500B0FAA1 /* Debug */,
				28CD616623171DA500B0FAA1 /* Release */,
			);
			defaultConfigurationIsVisible = 0;
			defaultConfigurationName = Release;
		};
		28CD616723171DA500B0FAA1 /* Build configuration list for PBXNativeTarget "TestAppTests" */ = {
			isa = XCConfigurationList;
			buildConfigurations = (
				28CD616823171DA500B0FAA1 /* Debug */,
				28CD616923171DA500B0FAA1 /* Release */,
			);
			defaultConfigurationIsVisible = 0;
			defaultConfigurationName = Release;
		};
		28CD616A23171DA500B0FAA1 /* Build configuration list for PBXNativeTarget "TestAppUITests" */ = {
			isa = XCConfigurationList;
			buildConfigurations = (
				28CD616B23171DA500B0FAA1 /* Debug */,
				28CD616C23171DA500B0FAA1 /* Release */,
			);
			defaultConfigurationIsVisible = 0;
			defaultConfigurationName = Release;
		};
/* End XCConfigurationList section */
	};
	rootObject = 28CD613423171DA300B0FAA1 /* Project object */;
}
